{
    "name": "ngx-carousel",
    "version": "1.1.0",
    "lockfileVersion": 1,
    "dependencies": {
        "@angular/compiler": {
            "version": "4.4.6",
            "resolved": "https://registry.npmjs.org/@angular/compiler/-/compiler-4.4.6.tgz",
            "integrity": "sha1-LuH68lt1fh0SiXkHS+f65SmzvCA=",
            "dev": true
        },
        "@angular/compiler-cli": {
            "version": "4.4.6",
            "resolved": "https://registry.npmjs.org/@angular/compiler-cli/-/compiler-cli-4.4.6.tgz",
            "integrity": "sha1-uv09HiYOmQh+uajPdTLb1gOrubE=",
            "dev": true
        },
        "@angular/platform-browser": {
            "version": "4.4.6",
            "resolved": "https://registry.npmjs.org/@angular/platform-browser/-/platform-browser-4.4.6.tgz",
            "integrity": "sha1-qYOcVH4bZU+h0kqJeAyLpquNzOA="
        },
        "@angular/tsc-wrapped": {
            "version": "4.4.6",
            "resolved": "https://registry.npmjs.org/@angular/tsc-wrapped/-/tsc-wrapped-4.4.6.tgz",
            "integrity": "sha1-Fnh8u/UL3H5zgSOxnDJSfyROF40=",
            "dev": true
        },
        "@types/hammerjs": {
            "version": "2.0.35",
            "resolved": "https://registry.npmjs.org/@types/hammerjs/-/hammerjs-2.0.35.tgz",
            "integrity": "sha512-4mUIMSZ2U4UOWq1b+iV7XUTE4w+Kr3x+Zb/Qz5ROO6BTZLw2c8/ftjq0aRgluguLs4KRuBnrOy/s389HVn1/zA=="
        },
        "bindings": {
            "version": "1.3.0",
            "resolved": "https://registry.npmjs.org/bindings/-/bindings-1.3.0.tgz",
            "integrity": "sha512-DpLh5EzMR2kzvX1KIlVC0VkC3iZtHKTgdtZ0a3pglBZdaQFjt5S9g9xd1lE+YvXyfd6mtCeRnrUfOLYiTMlNSw==",
            "dev": true,
            "optional": true
        },
        "commander": {
            "version": "2.11.0",
            "resolved": "https://registry.npmjs.org/commander/-/commander-2.11.0.tgz",
            "integrity": "sha512-b0553uYA5YAEGgyYIGYROzKQ7X5RAqedkfjiZxwi0kL1g3bOaBNNZfYkzt/CL0umgD5wc9Jec2FbB98CjkMRvQ==",
            "dev": true
        },
        "hammerjs": {
            "version": "2.0.8",
            "resolved": "https://registry.npmjs.org/hammerjs/-/hammerjs-2.0.8.tgz",
            "integrity": "sha1-BO93hiz/K7edMPdpIJWTAiK/YPE="
        },
        "minimist": {
            "version": "1.2.0",
            "resolved": "https://registry.npmjs.org/minimist/-/minimist-1.2.0.tgz",
            "integrity": "sha1-o1AIsg9BOD7sH7kU9M1d95omQoQ=",
            "dev": true
        },
        "mkdirp": {
            "version": "0.5.1",
            "resolved": "https://registry.npmjs.org/mkdirp/-/mkdirp-0.5.1.tgz",
            "integrity": "sha1-MAV0OOrGz3+MR2fzhkjWaX11yQM=",
            "dev": true,
            "dependencies": {
                "minimist": {
                    "version": "0.0.8",
                    "resolved": "https://registry.npmjs.org/minimist/-/minimist-0.0.8.tgz",
                    "integrity": "sha1-hX/Kv8M5fSYluCKCYuhqp6ARsF0=",
                    "dev": true
                }
            }
        },
        "nan": {
            "version": "2.7.0",
            "resolved": "https://registry.npmjs.org/nan/-/nan-2.7.0.tgz",
            "integrity": "sha1-2Vv3IeyHfgjbJ27T/G63j5CDrUY=",
            "dev": true,
            "optional": true
        },
        "reflect-metadata": {
            "version": "0.1.10",
            "resolved": "https://registry.npmjs.org/reflect-metadata/-/reflect-metadata-0.1.10.tgz",
            "integrity": "sha1-tPg3BEFqytiZiMmxVjXUfgO5NEo=",
            "dev": true
        },
        "rollup": {
            "version": "0.43.1",
            "resolved": "https://registry.npmjs.org/rollup/-/rollup-0.43.1.tgz",
            "integrity": "sha512-Y/7r6bE1sSpvBoMNZpSWKGHM2q67YxzBADbsfVqMf+nM6SbsQnU7BPMdrE3m/GiT46BQMN8BwFGhjukQP8Yy0A==",
            "dev": true
        },
        "source-map": {
            "version": "0.5.7",
            "resolved": "https://registry.npmjs.org/source-map/-/source-map-0.5.7.tgz",
            "integrity": "sha1-igOdLRAh0i0eoUyA2OpGi6LvP8w=",
            "dev": true
        },
        "source-map-support": {
            "version": "0.4.18",
            "resolved": "https://registry.npmjs.org/source-map-support/-/source-map-support-0.4.18.tgz",
            "integrity": "sha512-try0/JqxPLF9nOjvSta7tVondkP5dwgyLDjVoyMDlmjugT2lRZ1OfsrYTkCd2hkDnJTKRbO/Rl3orm8vlsUzbA==",
            "dev": true
        },
        "tsickle": {
            "version": "0.21.6",
            "resolved": "https://registry.npmjs.org/tsickle/-/tsickle-0.21.6.tgz",
            "integrity": "sha1-U7Abl5xcE/2xOvs/uVgXflmRWI0=",
            "dev": true
        },
        "tslib": {
            "version": "1.8.0",
            "resolved": "https://registry.npmjs.org/tslib/-/tslib-1.8.0.tgz",
            "integrity": "sha512-ymKWWZJST0/CkgduC2qkzjMOWr4bouhuURNXCn/inEX0L57BnRG6FhX76o7FOnsjHazCjfU2LKeSrlS2sIKQJg=="
        },
        "typescript": {
            "version": "2.6.1",
            "resolved": "https://registry.npmjs.org/typescript/-/typescript-2.6.1.tgz",
            "integrity": "sha1-7znN6ierrAtQAkLWcmq5DgyEZjE=",
            "dev": true
        },
        "uglify-js": {
            "version": "3.1.8",
            "resolved": "https://registry.npmjs.org/uglify-js/-/uglify-js-3.1.8.tgz",
            "integrity": "sha512-1lnTkrJWw6LJ7n43ZyYVXx0eN2PQh0c3Inb0nY/vj5fNfwykXQFif2kvNgm/Bf0ClLA8R6SKaMHFzo9io4Q+vg==",
            "dev": true,
            "dependencies": {
                "source-map": {
                    "version": "0.6.1",
                    "resolved": "https://registry.npmjs.org/source-map/-/source-map-0.6.1.tgz",
                    "integrity": "sha512-UjgapumWlbMhkBgzT7Ykc5YXUT46F0iKu8SGXq0bcwP5dz/h0Plj6enJqjz1Zbq2l5WaqYnrVbwWOWMyF3F47g==",
                    "dev": true
                }
            }
        },
        "weak": {
            "version": "1.0.1",
            "resolved": "https://registry.npmjs.org/weak/-/weak-1.0.1.tgz",
            "integrity": "sha1-q5mqswcGlZqgIAy4z1RbucszuZ4=",
            "dev": true,
            "optional": true
        }
    }
}
